
Microsoft Visual Studio Solution File, Format Version 12.00
# Visual Studio 15
VisualStudioVersion = 15.0.28307.329
MinimumVisualStudioVersion = 10.0.40219.1
Project("{9A19103F-16F7-4668-BE54-9A1E7A4F7556}") = "SimpleXart", "SimpleXart.csproj", "{C2FDC0BB-E3A8-4512-8839-75C529D0FA0D}"
EndProject
Project("{FAE04EC0-301F-11D3-BF4B-00C04F79EFBC}") = "SimpleXart.Consumer.Android", "..\SimpleXart.Consumer\SimpleXart.Consumer.Android\SimpleXart.Consumer.Android.csproj", "{80C3A269-EDFC-451F-B67C-75C736ECBA2F}"
EndProject
Project("{FAE04EC0-301F-11D3-BF4B-00C04F79EFBC}") = "SimpleXart.Consumer.iOS", "..\SimpleXart.Consumer\SimpleXart.Consumer.iOS\SimpleXart.Consumer.iOS.csproj", "{B7E55FAF-EBE1-45C1-9741-41C16A443183}"
EndProject
Project("{FAE04EC0-301F-11D3-BF4B-00C04F79EFBC}") = "SimpleXart.Consumer", "..\SimpleXart.Consumer\SimpleXart.Consumer\SimpleXart.Consumer.csproj", "{E15B0E28-4334-4CC0-A527-628B17B5A255}"
EndProject
Global
	GlobalSection(SolutionConfigurationPlatforms) = preSolution
		Ad-Hoc|Any CPU = Ad-Hoc|Any CPU
		Ad-Hoc|iPhone = Ad-Hoc|iPhone
		Ad-Hoc|iPhoneSimulator = Ad-Hoc|iPhoneSimulator
		AppStore|Any CPU = AppStore|Any CPU
		AppStore|iPhone = AppStore|iPhone
		AppStore|iPhoneSimulator = AppStore|iPhoneSimulator
		Debug|Any CPU = Debug|Any CPU
		Debug|iPhone = Debug|iPhone
		Debug|iPhoneSimulator = Debug|iPhoneSimulator
		Release|Any CPU = Release|Any CPU
		Release|iPhone = Release|iPhone
		Release|iPhoneSimulator = Release|iPhoneSimulator
	EndGlobalSection
	GlobalSection(ProjectConfigurationPlatforms) = postSolution
		{C2FDC0BB-E3A8-4512-8839-75C529D0FA0D}.Ad-Hoc|Any CPU.ActiveCfg = Release|Any CPU
		{C2FDC0BB-E3A8-4512-8839-75C529D0FA0D}.Ad-Hoc|Any CPU.Build.0 = Release|Any CPU
		{C2FDC0BB-E3A8-4512-8839-75C529D0FA0D}.Ad-Hoc|iPhone.ActiveCfg = Release|Any CPU
		{C2FDC0BB-E3A8-4512-8839-75C529D0FA0D}.Ad-Hoc|iPhone.Build.0 = Release|Any CPU
		{C2FDC0BB-E3A8-4512-8839-75C529D0FA0D}.Ad-Hoc|iPhoneSimulator.ActiveCfg = Release|Any CPU
		{C2FDC0BB-E3A8-4512-8839-75C529D0FA0D}.Ad-Hoc|iPhoneSimulator.Build.0 = Release|Any CPU
		{C2FDC0BB-E3A8-4512-8839-75C529D0FA0D}.AppStore|Any CPU.ActiveCfg = Release|Any CPU
		{C2FDC0BB-E3A8-4512-8839-75C529D0FA0D}.AppStore|Any CPU.Build.0 = Release|Any CPU
		{C2FDC0BB-E3A8-4512-8839-75C529D0FA0D}.AppStore|iPhone.ActiveCfg = Release|Any CPU
		{C2FDC0BB-E3A8-4512-8839-75C529D0FA0D}.AppStore|iPhone.Build.0 = Release|Any CPU
		{C2FDC0BB-E3A8-4512-8839-75C529D0FA0D}.AppStore|iPhoneSimulator.ActiveCfg = Release|Any CPU
		{C2FDC0BB-E3A8-4512-8839-75C529D0FA0D}.AppStore|iPhoneSimulator.Build.0 = Release|Any CPU
		{C2FDC0BB-E3A8-4512-8839-75C529D0FA0D}.Debug|Any CPU.ActiveCfg = Debug|Any CPU
		{C2FDC0BB-E3A8-4512-8839-75C529D0FA0D}.Debug|Any CPU.Build.0 = Debug|Any CPU
		{C2FDC0BB-E3A8-4512-8839-75C529D0FA0D}.Debug|iPhone.ActiveCfg = Debug|Any CPU
		{C2FDC0BB-E3A8-4512-8839-75C529D0FA0D}.Debug|iPhone.Build.0 = Debug|Any CPU
		{C2FDC0BB-E3A8-4512-8839-75C529D0FA0D}.Debug|iPhoneSimulator.ActiveCfg = Debug|Any CPU
		{C2FDC0BB-E3A8-4512-8839-75C529D0FA0D}.Debug|iPhoneSimulator.Build.0 = Debug|Any CPU
		{C2FDC0BB-E3A8-4512-8839-75C529D0FA0D}.Release|Any CPU.ActiveCfg = Release|Any CPU
		{C2FDC0BB-E3A8-4512-8839-75C529D0FA0D}.Release|Any CPU.Build.0 = Release|Any CPU
		{C2FDC0BB-E3A8-4512-8839-75C529D0FA0D}.Release|iPhone.ActiveCfg = Release|Any CPU
		{C2FDC0BB-E3A8-4512-8839-75C529D0FA0D}.Release|iPhone.Build.0 = Release|Any CPU
		{C2FDC0BB-E3A8-4512-8839-75C529D0FA0D}.Release|iPhoneSimulator.ActiveCfg = Release|Any CPU
		{C2FDC0BB-E3A8-4512-8839-75C529D0FA0D}.Release|iPhoneSimulator.Build.0 = Release|Any CPU
		{80C3A269-EDFC-451F-B67C-75C736ECBA2F}.Ad-Hoc|Any CPU.ActiveCfg = Release|Any CPU
		{80C3A269-EDFC-451F-B67C-75C736ECBA2F}.Ad-Hoc|Any CPU.Build.0 = Release|Any CPU
		{80C3A269-EDFC-451F-B67C-75C736ECBA2F}.Ad-Hoc|Any CPU.Deploy.0 = Release|Any CPU
		{80C3A269-EDFC-451F-B67C-75C736ECBA2F}.Ad-Hoc|iPhone.ActiveCfg = Release|Any CPU
		{80C3A269-EDFC-451F-B67C-75C736ECBA2F}.Ad-Hoc|iPhone.Build.0 = Release|Any CPU
		{80C3A269-EDFC-451F-B67C-75C736ECBA2F}.Ad-Hoc|iPhone.Deploy.0 = Release|Any CPU
		{80C3A269-EDFC-451F-B67C-75C736ECBA2F}.Ad-Hoc|iPhoneSimulator.ActiveCfg = Release|Any CPU
		{80C3A269-EDFC-451F-B67C-75C736ECBA2F}.Ad-Hoc|iPhoneSimulator.Build.0 = Release|Any CPU
		{80C3A269-EDFC-451F-B67C-75C736ECBA2F}.Ad-Hoc|iPhoneSimulator.Deploy.0 = Release|Any CPU
		{80C3A269-EDFC-451F-B67C-75C736ECBA2F}.AppStore|Any CPU.ActiveCfg = Release|Any CPU
		{80C3A269-EDFC-451F-B67C-75C736ECBA2F}.AppStore|Any CPU.Build.0 = Release|Any CPU
		{80C3A269-EDFC-451F-B67C-75C736ECBA2F}.AppStore|Any CPU.Deploy.0 = Release|Any CPU
		{80C3A269-EDFC-451F-B67C-75C736ECBA2F}.AppStore|iPhone.ActiveCfg = Release|Any CPU
		{80C3A269-EDFC-451F-B67C-75C736ECBA2F}.AppStore|iPhone.Build.0 = Release|Any CPU
		{80C3A269-EDFC-451F-B67C-75C736ECBA2F}.AppStore|iPhone.Deploy.0 = Release|Any CPU
		{80C3A269-EDFC-451F-B67C-75C736ECBA2F}.AppStore|iPhoneSimulator.ActiveCfg = Release|Any CPU
		{80C3A269-EDFC-451F-B67C-75C736ECBA2F}.AppStore|iPhoneSimulator.Build.0 = Release|Any CPU
		{80C3A269-EDFC-451F-B67C-75C736ECBA2F}.AppStore|iPhoneSimulator.Deploy.0 = Release|Any CPU
		{80C3A269-EDFC-451F-B67C-75C736ECBA2F}.Debug|Any CPU.ActiveCfg = Debug|Any CPU
		{80C3A269-EDFC-451F-B67C-75C736ECBA2F}.Debug|Any CPU.Build.0 = Debug|Any CPU
		{80C3A269-EDFC-451F-B67C-75C736ECBA2F}.Debug|Any CPU.Deploy.0 = Debug|Any CPU
		{80C3A269-EDFC-451F-B67C-75C736ECBA2F}.Debug|iPhone.ActiveCfg = Debug|Any CPU
		{80C3A269-EDFC-451F-B67C-75C736ECBA2F}.Debug|iPhone.Build.0 = Debug|Any CPU
		{80C3A269-EDFC-451F-B67C-75C736ECBA2F}.Debug|iPhone.Deploy.0 = Debug|Any CPU
		{80C3A269-EDFC-451F-B67C-75C736ECBA2F}.Debug|iPhoneSimulator.ActiveCfg = Debug|Any CPU
		{80C3A269-EDFC-451F-B67C-75C736ECBA2F}.Debug|iPhoneSimulator.Build.0 = Debug|Any CPU
		{80C3A269-EDFC-451F-B67C-75C736ECBA2F}.Debug|iPhoneSimulator.Deploy.0 = Debug|Any CPU
		{80C3A269-EDFC-451F-B67C-75C736ECBA2F}.Release|Any CPU.ActiveCfg = Release|Any CPU
		{80C3A269-EDFC-451F-B67C-75C736ECBA2F}.Release|Any CPU.Build.0 = Release|Any CPU
		{80C3A269-EDFC-451F-B67C-75C736ECBA2F}.Release|Any CPU.Deploy.0 = Release|Any CPU
		{80C3A269-EDFC-451F-B67C-75C736ECBA2F}.Release|iPhone.ActiveCfg = Release|Any CPU
		{80C3A269-EDFC-451F-B67C-75C736ECBA2F}.Release|iPhone.Build.0 = Release|Any CPU
		{80C3A269-EDFC-451F-B67C-75C736ECBA2F}.Release|iPhone.Deploy.0 = Release|Any CPU
		{80C3A269-EDFC-451F-B67C-75C736ECBA2F}.Release|iPhoneSimulator.ActiveCfg = Release|Any CPU
		{80C3A269-EDFC-451F-B67C-75C736ECBA2F}.Release|iPhoneSimulator.Build.0 = Release|Any CPU
		{80C3A269-EDFC-451F-B67C-75C736ECBA2F}.Release|iPhoneSimulator.Deploy.0 = Release|Any CPU
		{B7E55FAF-EBE1-45C1-9741-41C16A443183}.Ad-Hoc|Any CPU.ActiveCfg = Ad-Hoc|iPhone
		{B7E55FAF-EBE1-45C1-9741-41C16A443183}.Ad-Hoc|iPhone.ActiveCfg = Ad-Hoc|iPhone
		{B7E55FAF-EBE1-45C1-9741-41C16A443183}.Ad-Hoc|iPhone.Build.0 = Ad-Hoc|iPhone
		{B7E55FAF-EBE1-45C1-9741-41C16A443183}.Ad-Hoc|iPhoneSimulator.ActiveCfg = Ad-Hoc|iPhoneSimulator
		{B7E55FAF-EBE1-45C1-9741-41C16A443183}.Ad-Hoc|iPhoneSimulator.Build.0 = Ad-Hoc|iPhoneSimulator
		{B7E55FAF-EBE1-45C1-9741-41C16A443183}.AppStore|Any CPU.ActiveCfg = AppStore|iPhone
		{B7E55FAF-EBE1-45C1-9741-41C16A443183}.AppStore|iPhone.ActiveCfg = AppStore|iPhone
		{B7E55FAF-EBE1-45C1-9741-41C16A443183}.AppStore|iPhone.Build.0 = AppStore|iPhone
		{B7E55FAF-EBE1-45C1-9741-41C16A443183}.AppStore|iPhoneSimulator.ActiveCfg = AppStore|iPhoneSimulator
		{B7E55FAF-EBE1-45C1-9741-41C16A443183}.AppStore|iPhoneSimulator.Build.0 = AppStore|iPhoneSimulator
		{B7E55FAF-EBE1-45C1-9741-41C16A443183}.Debug|Any CPU.ActiveCfg = Debug|iPhone
		{B7E55FAF-EBE1-45C1-9741-41C16A443183}.Debug|iPhone.ActiveCfg = Debug|iPhone
		{B7E55FAF-EBE1-45C1-9741-41C16A443183}.Debug|iPhone.Build.0 = Debug|iPhone
		{B7E55FAF-EBE1-45C1-9741-41C16A443183}.Debug|iPhoneSimulator.ActiveCfg = Debug|iPhoneSimulator
		{B7E55FAF-EBE1-45C1-9741-41C16A443183}.Debug|iPhoneSimulator.Build.0 = Debug|iPhoneSimulator
		{B7E55FAF-EBE1-45C1-9741-41C16A443183}.Release|Any CPU.ActiveCfg = Release|iPhone
		{B7E55FAF-EBE1-45C1-9741-41C16A443183}.Release|iPhone.ActiveCfg = Release|iPhone
		{B7E55FAF-EBE1-45C1-9741-41C16A443183}.Release|iPhone.Build.0 = Release|iPhone
		{B7E55FAF-EBE1-45C1-9741-41C16A443183}.Release|iPhoneSimulator.ActiveCfg = Release|iPhoneSimulator
		{B7E55FAF-EBE1-45C1-9741-41C16A443183}.Release|iPhoneSimulator.Build.0 = Release|iPhoneSimulator
		{E15B0E28-4334-4CC0-A527-628B17B5A255}.Ad-Hoc|Any CPU.ActiveCfg = Debug|Any CPU
		{E15B0E28-4334-4CC0-A527-628B17B5A255}.Ad-Hoc|Any CPU.Build.0 = Debug|Any CPU
		{E15B0E28-4334-4CC0-A527-628B17B5A255}.Ad-Hoc|iPhone.ActiveCfg = Debug|Any CPU
		{E15B0E28-4334-4CC0-A527-628B17B5A255}.Ad-Hoc|iPhone.Build.0 = Debug|Any CPU
		{E15B0E28-4334-4CC0-A527-628B17B5A255}.Ad-Hoc|iPhoneSimulator.ActiveCfg = Debug|Any CPU
		{E15B0E28-4334-4CC0-A527-628B17B5A255}.Ad-Hoc|iPhoneSimulator.Build.0 = Debug|Any CPU
		{E15B0E28-4334-4CC0-A527-628B17B5A255}.AppStore|Any CPU.ActiveCfg = Debug|Any CPU
		{E15B0E28-4334-4CC0-A527-628B17B5A255}.AppStore|Any CPU.Build.0 = Debug|Any CPU
		{E15B0E28-4334-4CC0-A527-628B17B5A255}.AppStore|iPhone.ActiveCfg = Debug|Any CPU
		{E15B0E28-4334-4CC0-A527-628B17B5A255}.AppStore|iPhone.Build.0 = Debug|Any CPU
		{E15B0E28-4334-4CC0-A527-628B17B5A255}.AppStore|iPhoneSimulator.ActiveCfg = Debug|Any CPU
		{E15B0E28-4334-4CC0-A527-628B17B5A255}.AppStore|iPhoneSimulator.Build.0 = Debug|Any CPU
		{E15B0E28-4334-4CC0-A527-628B17B5A255}.Debug|Any CPU.ActiveCfg = Debug|Any CPU
		{E15B0E28-4334-4CC0-A527-628B17B5A255}.Debug|Any CPU.Build.0 = Debug|Any CPU
		{E15B0E28-4334-4CC0-A527-628B17B5A255}.Debug|iPhone.ActiveCfg = Debug|Any CPU
		{E15B0E28-4334-4CC0-A527-628B17B5A255}.Debug|iPhone.Build.0 = Debug|Any CPU
		{E15B0E28-4334-4CC0-A527-628B17B5A255}.Debug|iPhoneSimulator.ActiveCfg = Debug|Any CPU
		{E15B0E28-4334-4CC0-A527-628B17B5A255}.Debug|iPhoneSimulator.Build.0 = Debug|Any CPU
		{E15B0E28-4334-4CC0-A527-628B17B5A255}.Release|Any CPU.ActiveCfg = Release|Any CPU
		{E15B0E28-4334-4CC0-A527-628B17B5A255}.Release|Any CPU.Build.0 = Release|Any CPU
		{E15B0E28-4334-4CC0-A527-628B17B5A255}.Release|iPhone.ActiveCfg = Release|Any CPU
		{E15B0E28-4334-4CC0-A527-628B17B5A255}.Release|iPhone.Build.0 = Release|Any CPU
		{E15B0E28-4334-4CC0-A527-628B17B5A255}.Release|iPhoneSimulator.ActiveCfg = Release|Any CPU
		{E15B0E28-4334-4CC0-A527-628B17B5A255}.Release|iPhoneSimulator.Build.0 = Release|Any CPU
	EndGlobalSection
	GlobalSection(SolutionProperties) = preSolution
		HideSolutionNode = FALSE
	EndGlobalSection
	GlobalSection(ExtensibilityGlobals) = postSolution
		SolutionGuid = {51EA959E-00D7-4E28-9EB3-582F50037375}
	EndGlobalSection
EndGlobal
